// !$*UTF8*$!
{
	archiveVersion = 1;
	classes = {
	};
	objectVersion = 56;
	objects = {

/* Begin PBXBuildFile section */
		C323F3B629A9AD900077B2A0 /* AppDelegate.swift in Sources */ = {isa = PBXBuildFile; fileRef = C323F3B529A9AD900077B2A0 /* AppDelegate.swift */; };
		C323F3B829A9AD900077B2A0 /* SceneDelegate.swift in Sources */ = {isa = PBXBuildFile; fileRef = C323F3B729A9AD900077B2A0 /* SceneDelegate.swift */; };
		C323F3BA29A9AD900077B2A0 /* ViewController.swift in Sources */ = {isa = PBXBuildFile; fileRef = C323F3B929A9AD900077B2A0 /* ViewController.swift */; };
		C323F3BF29A9AD910077B2A0 /* Assets.xcassets in Resources */ = {isa = PBXBuildFile; fileRef = C323F3BE29A9AD910077B2A0 /* Assets.xcassets */; };
		C323F3C229A9AD910077B2A0 /* LaunchScreen.storyboard in Resources */ = {isa = PBXBuildFile; fileRef = C323F3C029A9AD910077B2A0 /* LaunchScreen.storyboard */; };
		C323F3D829A9AFF70077B2A0 /* UIImageView+.swift in Sources */ = {isa = PBXBuildFile; fileRef = C323F3CC29A9AFF70077B2A0 /* UIImageView+.swift */; };
		C323F3D929A9AFF70077B2A0 /* UIView+.swift in Sources */ = {isa = PBXBuildFile; fileRef = C323F3CD29A9AFF70077B2A0 /* UIView+.swift */; };
		C323F3DA29A9AFF70077B2A0 /* UITextView+.swift in Sources */ = {isa = PBXBuildFile; fileRef = C323F3CE29A9AFF70077B2A0 /* UITextView+.swift */; };
		C323F3DB29A9AFF70077B2A0 /* UIBarButtonItem+.swift in Sources */ = {isa = PBXBuildFile; fileRef = C323F3CF29A9AFF70077B2A0 /* UIBarButtonItem+.swift */; };
		C323F3DC29A9AFF70077B2A0 /* UITextField+.swift in Sources */ = {isa = PBXBuildFile; fileRef = C323F3D029A9AFF70077B2A0 /* UITextField+.swift */; };
		C323F3DD29A9AFF70077B2A0 /* UILable+.swift in Sources */ = {isa = PBXBuildFile; fileRef = C323F3D129A9AFF70077B2A0 /* UILable+.swift */; };
		C323F3DE29A9AFF70077B2A0 /* CALayer+.swift in Sources */ = {isa = PBXBuildFile; fileRef = C323F3D229A9AFF70077B2A0 /* CALayer+.swift */; };
		C323F3DF29A9AFF70077B2A0 /* UINavigationBar+.swift in Sources */ = {isa = PBXBuildFile; fileRef = C323F3D329A9AFF70077B2A0 /* UINavigationBar+.swift */; };
		C323F3E029A9AFF70077B2A0 /* UIButton+.swift in Sources */ = {isa = PBXBuildFile; fileRef = C323F3D429A9AFF70077B2A0 /* UIButton+.swift */; };
		C323F3E129A9AFF70077B2A0 /* UIRefreshControl+.swift in Sources */ = {isa = PBXBuildFile; fileRef = C323F3D529A9AFF70077B2A0 /* UIRefreshControl+.swift */; };
		C323F3E229A9AFF70077B2A0 /* XXSkinHelper.swift in Sources */ = {isa = PBXBuildFile; fileRef = C323F3D629A9AFF70077B2A0 /* XXSkinHelper.swift */; };
		C323F3E329A9AFF70077B2A0 /* XXSkinManager.swift in Sources */ = {isa = PBXBuildFile; fileRef = C323F3D729A9AFF70077B2A0 /* XXSkinManager.swift */; };
		C323F3E529A9B02A0077B2A0 /* String+.swift in Sources */ = {isa = PBXBuildFile; fileRef = C323F3E429A9B02A0077B2A0 /* String+.swift */; };
/* End PBXBuildFile section */

/* Begin PBXFileReference section */
		C323F3B229A9AD900077B2A0 /* SwiftUIKitDarkMode.app */ = {isa = PBXFileReference; explicitFileType = wrapper.application; includeInIndex = 0; path = SwiftUIKitDarkMode.app; sourceTree = BUILT_PRODUCTS_DIR; };
		C323F3B529A9AD900077B2A0 /* AppDelegate.swift */ = {isa = PBXFileReference; lastKnownFileType = sourcecode.swift; path = AppDelegate.swift; sourceTree = "<group>"; };
		C323F3B729A9AD900077B2A0 /* SceneDelegate.swift */ = {isa = PBXFileReference; lastKnownFileType = sourcecode.swift; path = SceneDelegate.swift; sourceTree = "<group>"; };
		C323F3B929A9AD900077B2A0 /* ViewController.swift */ = {isa = PBXFileReference; lastKnownFileType = sourcecode.swift; path = ViewController.swift; sourceTree = "<group>"; };
		C323F3BE29A9AD910077B2A0 /* Assets.xcassets */ = {isa = PBXFileReference; lastKnownFileType = folder.assetcatalog; path = Assets.xcassets; sourceTree = "<group>"; };
		C323F3C129A9AD910077B2A0 /* Base */ = {isa = PBXFileReference; lastKnownFileType = file.storyboard; name = Base; path = Base.lproj/LaunchScreen.storyboard; sourceTree = "<group>"; };
		C323F3C329A9AD910077B2A0 /* Info.plist */ = {isa = PBXFileReference; lastKnownFileType = text.plist.xml; path = Info.plist; sourceTree = "<group>"; };
		C323F3CC29A9AFF70077B2A0 /* UIImageView+.swift */ = {isa = PBXFileReference; fileEncoding = 4; lastKnownFileType = sourcecode.swift; path = "UIImageView+.swift"; sourceTree = "<group>"; };
		C323F3CD29A9AFF70077B2A0 /* UIView+.swift */ = {isa = PBXFileReference; fileEncoding = 4; lastKnownFileType = sourcecode.swift; path = "UIView+.swift"; sourceTree = "<group>"; };
		C323F3CE29A9AFF70077B2A0 /* UITextView+.swift */ = {isa = PBXFileReference; fileEncoding = 4; lastKnownFileType = sourcecode.swift; path = "UITextView+.swift"; sourceTree = "<group>"; };
		C323F3CF29A9AFF70077B2A0 /* UIBarButtonItem+.swift */ = {isa = PBXFileReference; fileEncoding = 4; lastKnownFileType = sourcecode.swift; path = "UIBarButtonItem+.swift"; sourceTree = "<group>"; };
		C323F3D029A9AFF70077B2A0 /* UITextField+.swift */ = {isa = PBXFileReference; fileEncoding = 4; lastKnownFileType = sourcecode.swift; path = "UITextField+.swift"; sourceTree = "<group>"; };
		C323F3D129A9AFF70077B2A0 /* UILable+.swift */ = {isa = PBXFileReference; fileEncoding = 4; lastKnownFileType = sourcecode.swift; path = "UILable+.swift"; sourceTree = "<group>"; };
		C323F3D229A9AFF70077B2A0 /* CALayer+.swift */ = {isa = PBXFileReference; fileEncoding = 4; lastKnownFileType = sourcecode.swift; path = "CALayer+.swift"; sourceTree = "<group>"; };
		C323F3D329A9AFF70077B2A0 /* UINavigationBar+.swift */ = {isa = PBXFileReference; fileEncoding = 4; lastKnownFileType = sourcecode.swift; path = "UINavigationBar+.swift"; sourceTree = "<group>"; };
		C323F3D429A9AFF70077B2A0 /* UIButton+.swift */ = {isa = PBXFileReference; fileEncoding = 4; lastKnownFileType = sourcecode.swift; path = "UIButton+.swift"; sourceTree = "<group>"; };
		C323F3D529A9AFF70077B2A0 /* UIRefreshControl+.swift */ = {isa = PBXFileReference; fileEncoding = 4; lastKnownFileType = sourcecode.swift; path = "UIRefreshControl+.swift"; sourceTree = "<group>"; };
		C323F3D629A9AFF70077B2A0 /* XXSkinHelper.swift */ = {isa = PBXFileReference; fileEncoding = 4; lastKnownFileType = sourcecode.swift; path = XXSkinHelper.swift; sourceTree = "<group>"; };
		C323F3D729A9AFF70077B2A0 /* XXSkinManager.swift */ = {isa = PBXFileReference; fileEncoding = 4; lastKnownFileType = sourcecode.swift; path = XXSkinManager.swift; sourceTree = "<group>"; };
		C323F3E429A9B02A0077B2A0 /* String+.swift */ = {isa = PBXFileReference; lastKnownFileType = sourcecode.swift; path = "String+.swift"; sourceTree = "<group>"; };
/* End PBXFileReference section */

/* Begin PBXFrameworksBuildPhase section */
		C323F3AF29A9AD900077B2A0 /* Frameworks */ = {
			isa = PBXFrameworksBuildPhase;
			buildActionMask = 2147483647;
			files = (
			);
			runOnlyForDeploymentPostprocessing = 0;
		};
/* End PBXFrameworksBuildPhase section */

/* Begin PBXGroup section */
		C323F3A929A9AD900077B2A0 = {
			isa = PBXGroup;
			children = (
				C323F3B429A9AD900077B2A0 /* SwiftUIKitDarkMode */,
				C323F3B329A9AD900077B2A0 /* Products */,
			);
			sourceTree = "<group>";
		};
		C323F3B329A9AD900077B2A0 /* Products */ = {
			isa = PBXGroup;
			children = (
				C323F3B229A9AD900077B2A0 /* SwiftUIKitDarkMode.app */,
			);
			name = Products;
			sourceTree = "<group>";
		};
		C323F3B429A9AD900077B2A0 /* SwiftUIKitDarkMode */ = {
			isa = PBXGroup;
			children = (
				C323F3CA29A9AFF70077B2A0 /* Skin */,
				C323F3C929A9AEA90077B2A0 /* VC */,
				C323F3B529A9AD900077B2A0 /* AppDelegate.swift */,
				C323F3B729A9AD900077B2A0 /* SceneDelegate.swift */,
				C323F3BE29A9AD910077B2A0 /* Assets.xcassets */,
				C323F3C029A9AD910077B2A0 /* LaunchScreen.storyboard */,
				C323F3C329A9AD910077B2A0 /* Info.plist */,
			);
			path = SwiftUIKitDarkMode;
			sourceTree = "<group>";
		};
		C323F3C929A9AEA90077B2A0 /* VC */ = {
			isa = PBXGroup;
			children = (
				C323F3B929A9AD900077B2A0 /* ViewController.swift */,
			);
			path = VC;
			sourceTree = "<group>";
		};
		C323F3CA29A9AFF70077B2A0 /* Skin */ = {
			isa = PBXGroup;
			children = (
				C323F3CB29A9AFF70077B2A0 /* Extension */,
				C323F3D629A9AFF70077B2A0 /* XXSkinHelper.swift */,
				C323F3D729A9AFF70077B2A0 /* XXSkinManager.swift */,
			);
			path = Skin;
			sourceTree = "<group>";
		};
		C323F3CB29A9AFF70077B2A0 /* Extension */ = {
			isa = PBXGroup;
			children = (
				C323F3E429A9B02A0077B2A0 /* String+.swift */,
				C323F3D129A9AFF70077B2A0 /* UILable+.swift */,
				C323F3CC29A9AFF70077B2A0 /* UIImageView+.swift */,
				C323F3D429A9AFF70077B2A0 /* UIButton+.swift */,
				C323F3D029A9AFF70077B2A0 /* UITextField+.swift */,
				C323F3D329A9AFF70077B2A0 /* UINavigationBar+.swift */,
				C323F3CE29A9AFF70077B2A0 /* UITextView+.swift */,
				C323F3D529A9AFF70077B2A0 /* UIRefreshControl+.swift */,
				C323F3CF29A9AFF70077B2A0 /* UIBarButtonItem+.swift */,
				C323F3D229A9AFF70077B2A0 /* CALayer+.swift */,
				C323F3CD29A9AFF70077B2A0 /* UIView+.swift */,
			);
			path = Extension;
			sourceTree = "<group>";
		};
/* End PBXGroup section */

/* Begin PBXNativeTarget section */
		C323F3B129A9AD900077B2A0 /* SwiftUIKitDarkMode */ = {
			isa = PBXNativeTarget;
			buildConfigurationList = C323F3C629A9AD910077B2A0 /* Build configuration list for PBXNativeTarget "SwiftUIKitDarkMode" */;
			buildPhases = (
				C323F3AE29A9AD900077B2A0 /* Sources */,
				C323F3AF29A9AD900077B2A0 /* Frameworks */,
				C323F3B029A9AD900077B2A0 /* Resources */,
			);
			buildRules = (
			);
			dependencies = (
			);
			name = SwiftUIKitDarkMode;
			productName = SwiftUIKitDarkMode;
			productReference = C323F3B229A9AD900077B2A0 /* SwiftUIKitDarkMode.app */;
			productType = "com.apple.product-type.application";
		};
/* End PBXNativeTarget section */

/* Begin PBXProject section */
		C323F3AA29A9AD900077B2A0 /* Project object */ = {
			isa = PBXProject;
			attributes = {
				BuildIndependentTargetsInParallel = 1;
				LastSwiftUpdateCheck = 1420;
				LastUpgradeCheck = 1420;
				TargetAttributes = {
					C323F3B129A9AD900077B2A0 = {
						CreatedOnToolsVersion = 14.2;
					};
				};
			};
			buildConfigurationList = C323F3AD29A9AD900077B2A0 /* Build configuration list for PBXProject "SwiftUIKitDarkMode" */;
			compatibilityVersion = "Xcode 14.0";
			developmentRegion = en;
			hasScannedForEncodings = 0;
			knownRegions = (
				en,
				Base,
			);
			mainGroup = C323F3A929A9AD900077B2A0;
			productRefGroup = C323F3B329A9AD900077B2A0 /* Products */;
			projectDirPath = "";
			projectRoot = "";
			targets = (
				C323F3B129A9AD900077B2A0 /* SwiftUIKitDarkMode */,
			);
		};
/* End PBXProject section */

/* Begin PBXResourcesBuildPhase section */
		C323F3B029A9AD900077B2A0 /* Resources */ = {
			isa = PBXResourcesBuildPhase;
			buildActionMask = 2147483647;
			files = (
				C323F3C229A9AD910077B2A0 /* LaunchScreen.storyboard in Resources */,
				C323F3BF29A9AD910077B2A0 /* Assets.xcassets in Resources */,
			);
			runOnlyForDeploymentPostprocessing = 0;
		};
/* End PBXResourcesBuildPhase section */

/* Begin PBXSourcesBuildPhase section */
		C323F3AE29A9AD900077B2A0 /* Sources */ = {
			isa = PBXSourcesBuildPhase;
			buildActionMask = 2147483647;
			files = (
				C323F3E329A9AFF70077B2A0 /* XXSkinManager.swift in Sources */,
				C323F3BA29A9AD900077B2A0 /* ViewController.swift in Sources */,
				C323F3E029A9AFF70077B2A0 /* UIButton+.swift in Sources */,
				C323F3E129A9AFF70077B2A0 /* UIRefreshControl+.swift in Sources */,
				C323F3DC29A9AFF70077B2A0 /* UITextField+.swift in Sources */,
				C323F3D929A9AFF70077B2A0 /* UIView+.swift in Sources */,
				C323F3B629A9AD900077B2A0 /* AppDelegate.swift in Sources */,
				C323F3D829A9AFF70077B2A0 /* UIImageView+.swift in Sources */,
				C323F3B829A9AD900077B2A0 /* SceneDelegate.swift in Sources */,
				C323F3DD29A9AFF70077B2A0 /* UILable+.swift in Sources */,
				C323F3E529A9B02A0077B2A0 /* String+.swift in Sources */,
				C323F3DF29A9AFF70077B2A0 /* UINavigationBar+.swift in Sources */,
				C323F3DB29A9AFF70077B2A0 /* UIBarButtonItem+.swift in Sources */,
				C323F3DA29A9AFF70077B2A0 /* UITextView+.swift in Sources */,
				C323F3E229A9AFF70077B2A0 /* XXSkinHelper.swift in Sources */,
				C323F3DE29A9AFF70077B2A0 /* CALayer+.swift in Sources */,
			);
			runOnlyForDeploymentPostprocessing = 0;
		};
/* End PBXSourcesBuildPhase section */

/* Begin PBXVariantGroup section */
		C323F3C029A9AD910077B2A0 /* LaunchScreen.storyboard */ = {
			isa = PBXVariantGroup;
			children = (
				C323F3C129A9AD910077B2A0 /* Base */,
			);
			name = LaunchScreen.storyboard;
			sourceTree = "<group>";
		};
/* End PBXVariantGroup section */

/* Begin XCBuildConfiguration section */
		C323F3C429A9AD910077B2A0 /* Debug */ = {
			isa = XCBuildConfiguration;
			buildSettings = {
				ALWAYS_SEARCH_USER_PATHS = NO;
				CLANG_ANALYZER_NONNULL = YES;
				CLANG_ANALYZER_NUMBER_OBJECT_CONVERSION = YES_AGGRESSIVE;
				CLANG_CXX_LANGUAGE_STANDARD = "gnu++20";
				CLANG_ENABLE_MODULES = YES;
				CLANG_ENABLE_OBJC_ARC = YES;
				CLANG_ENABLE_OBJC_WEAK = YES;
				CLANG_WARN_BLOCK_CAPTURE_AUTORELEASING = YES;
				CLANG_WARN_BOOL_CONVERSION = YES;
				CLANG_WARN_COMMA = YES;
				CLANG_WARN_CONSTANT_CONVERSION = YES;
				CLANG_WARN_DEPRECATED_OBJC_IMPLEMENTATIONS = YES;
				CLANG_WARN_DIRECT_OBJC_ISA_USAGE = YES_ERROR;
				CLANG_WARN_DOCUMENTATION_COMMENTS = YES;
				CLANG_WARN_EMPTY_BODY = YES;
				CLANG_WARN_ENUM_CONVERSION = YES;
				CLANG_WARN_INFINITE_RECURSION = YES;
				CLANG_WARN_INT_CONVERSION = YES;
				CLANG_WARN_NON_LITERAL_NULL_CONVERSION = YES;
				CLANG_WARN_OBJC_IMPLICIT_RETAIN_SELF = YES;
				CLANG_WARN_OBJC_LITERAL_CONVERSION = YES;
				CLANG_WARN_OBJC_ROOT_CLASS = YES_ERROR;
				CLANG_WARN_QUOTED_INCLUDE_IN_FRAMEWORK_HEADER = YES;
				CLANG_WARN_RANGE_LOOP_ANALYSIS = YES;
				CLANG_WARN_STRICT_PROTOTYPES = YES;
				CLANG_WARN_SUSPICIOUS_MOVE = YES;
				CLANG_WARN_UNGUARDED_AVAILABILITY = YES_AGGRESSIVE;
				CLANG_WARN_UNREACHABLE_CODE = YES;
				CLANG_WARN__DUPLICATE_METHOD_MATCH = YES;
				COPY_PHASE_STRIP = NO;
				DEBUG_INFORMATION_FORMAT = dwarf;
				ENABLE_STRICT_OBJC_MSGSEND = YES;
				ENABLE_TESTABILITY = YES;
				GCC_C_LANGUAGE_STANDARD = gnu11;
				GCC_DYNAMIC_NO_PIC = NO;
				GCC_NO_COMMON_BLOCKS = YES;
				GCC_OPTIMIZATION_LEVEL = 0;
				GCC_PREPROCESSOR_DEFINITIONS = (
					"DEBUG=1",
					"$(inherited)",
				);
				GCC_WARN_64_TO_32_BIT_CONVERSION = YES;
				GCC_WARN_ABOUT_RETURN_TYPE = YES_ERROR;
				GCC_WARN_UNDECLARED_SELECTOR = YES;
				GCC_WARN_UNINITIALIZED_AUTOS = YES_AGGRESSIVE;
				GCC_WARN_UNUSED_FUNCTION = YES;
				GCC_WARN_UNUSED_VARIABLE = YES;
				IPHONEOS_DEPLOYMENT_TARGET = 16.2;
				MTL_ENABLE_DEBUG_INFO = INCLUDE_SOURCE;
				MTL_FAST_MATH = YES;
				ONLY_ACTIVE_ARCH = YES;
				SDKROOT = iphoneos;
				SWIFT_ACTIVE_COMPILATION_CONDITIONS = DEBUG;
				SWIFT_OPTIMIZATION_LEVEL = "-Onone";
			};
			name = Debug;
		};
		C323F3C529A9AD910077B2A0 /* Release */ = {
			isa = XCBuildConfiguration;
			buildSettings = {
				ALWAYS_SEARCH_USER_PATHS = NO;
				CLANG_ANALYZER_NONNULL = YES;
				CLANG_ANALYZER_NUMBER_OBJECT_CONVERSION = YES_AGGRESSIVE;
				CLANG_CXX_LANGUAGE_STANDARD = "gnu++20";
				CLANG_ENABLE_MODULES = YES;
				CLANG_ENABLE_OBJC_ARC = YES;
				CLANG_ENABLE_OBJC_WEAK = YES;
				CLANG_WARN_BLOCK_CAPTURE_AUTORELEASING = YES;
				CLANG_WARN_BOOL_CONVERSION = YES;
				CLANG_WARN_COMMA = YES;
				CLANG_WARN_CONSTANT_CONVERSION = YES;
				CLANG_WARN_DEPRECATED_OBJC_IMPLEMENTATIONS = YES;
				CLANG_WARN_DIRECT_OBJC_ISA_USAGE = YES_ERROR;
				CLANG_WARN_DOCUMENTATION_COMMENTS = YES;
				CLANG_WARN_EMPTY_BODY = YES;
				CLANG_WARN_ENUM_CONVERSION = YES;
				CLANG_WARN_INFINITE_RECURSION = YES;
				CLANG_WARN_INT_CONVERSION = YES;
				CLANG_WARN_NON_LITERAL_NULL_CONVERSION = YES;
				CLANG_WARN_OBJC_IMPLICIT_RETAIN_SELF = YES;
				CLANG_WARN_OBJC_LITERAL_CONVERSION = YES;
				CLANG_WARN_OBJC_ROOT_CLASS = YES_ERROR;
				CLANG_WARN_QUOTED_INCLUDE_IN_FRAMEWORK_HEADER = YES;
				CLANG_WARN_RANGE_LOOP_ANALYSIS = YES;
				CLANG_WARN_STRICT_PROTOTYPES = YES;
				CLANG_WARN_SUSPICIOUS_MOVE = YES;
				CLANG_WARN_UNGUARDED_AVAILABILITY = YES_AGGRESSIVE;
				CLANG_WARN_UNREACHABLE_CODE = YES;
				CLANG_WARN__DUPLICATE_METHOD_MATCH = YES;
				COPY_PHASE_STRIP = NO;
				DEBUG_INFORMATION_FORMAT = "dwarf-with-dsym";
				ENABLE_NS_ASSERTIONS = NO;
				ENABLE_STRICT_OBJC_MSGSEND = YES;
				GCC_C_LANGUAGE_STANDARD = gnu11;
				GCC_NO_COMMON_BLOCKS = YES;
				GCC_WARN_64_TO_32_BIT_CONVERSION = YES;
				GCC_WARN_ABOUT_RETURN_TYPE = YES_ERROR;
				GCC_WARN_UNDECLARED_SELECTOR = YES;
				GCC_WARN_UNINITIALIZED_AUTOS = YES_AGGRESSIVE;
				GCC_WARN_UNUSED_FUNCTION = YES;
				GCC_WARN_UNUSED_VARIABLE = YES;
				IPHONEOS_DEPLOYMENT_TARGET = 16.2;
				MTL_ENABLE_DEBUG_INFO = NO;
				MTL_FAST_MATH = YES;
				SDKROOT = iphoneos;
				SWIFT_COMPILATION_MODE = wholemodule;
				SWIFT_OPTIMIZATION_LEVEL = "-O";
				VALIDATE_PRODUCT = YES;
			};
			name = Release;
		};
		C323F3C729A9AD910077B2A0 /* Debug */ = {
			isa = XCBuildConfiguration;
			buildSettings = {
				ASSETCATALOG_COMPILER_APPICON_NAME = AppIcon;
				ASSETCATALOG_COMPILER_GLOBAL_ACCENT_COLOR_NAME = AccentColor;
				CODE_SIGN_STYLE = Automatic;
				CURRENT_PROJECT_VERSION = 1;
				DEVELOPMENT_TEAM = NZWGG84V94;
				GENERATE_INFOPLIST_FILE = YES;
				INFOPLIST_FILE = SwiftUIKitDarkMode/Info.plist;
				INFOPLIST_KEY_UIApplicationSupportsIndirectInputEvents = YES;
				INFOPLIST_KEY_UILaunchStoryboardName = LaunchScreen;
				INFOPLIST_KEY_UISupportedInterfaceOrientations_iPad = "UIInterfaceOrientationPortrait UIInterfaceOrientationPortraitUpsideDown UIInterfaceOrientationLandscapeLeft UIInterfaceOrientationLandscapeRight";
				INFOPLIST_KEY_UISupportedInterfaceOrientations_iPhone = "UIInterfaceOrientationPortrait UIInterfaceOrientationLandscapeLeft UIInterfaceOrientationLandscapeRight";
				LD_RUNPATH_SEARCH_PATHS = (
					"$(inherited)",
					"@executable_path/Frameworks",
				);
				MARKETING_VERSION = 1.0;
				PRODUCT_BUNDLE_IDENTIFIER = lin.SwiftUIKitDarkMode;
				PRODUCT_NAME = "$(TARGET_NAME)";
				SWIFT_EMIT_LOC_STRINGS = YES;
				SWIFT_VERSION = 5.0;
				TARGETED_DEVICE_FAMILY = "1,2";
			};
			name = Debug;
		};
		C323F3C829A9AD910077B2A0 /* Release */ = {
			isa = XCBuildConfiguration;
			buildSettings = {
				ASSETCATALOG_COMPILER_APPICON_NAME = AppIcon;
				ASSETCATALOG_COMPILER_GLOBAL_ACCENT_COLOR_NAME = AccentColor;
				CODE_SIGN_STYLE = Automatic;
				CURRENT_PROJECT_VERSION = 1;
				DEVELOPMENT_TEAM = NZWGG84V94;
				GENERATE_INFOPLIST_FILE = YES;
				INFOPLIST_FILE = SwiftUIKitDarkMode/Info.plist;
				INFOPLIST_KEY_UIApplicationSupportsIndirectInputEvents = YES;
				INFOPLIST_KEY_UILaunchStoryboardName = LaunchScreen;
				INFOPLIST_KEY_UISupportedInterfaceOrientations_iPad = "UIInterfaceOrientationPortrait UIInterfaceOrientationPortraitUpsideDown UIInterfaceOrientationLandscapeLeft UIInterfaceOrientationLandscapeRight";
				INFOPLIST_KEY_UISupportedInterfaceOrientations_iPhone = "UIInterfaceOrientationPortrait UIInterfaceOrientationLandscapeLeft UIInterfaceOrientationLandscapeRight";
				LD_RUNPATH_SEARCH_PATHS = (
					"$(inherited)",
					"@executable_path/Frameworks",
				);
				MARKETING_VERSION = 1.0;
				PRODUCT_BUNDLE_IDENTIFIER = lin.SwiftUIKitDarkMode;
				PRODUCT_NAME = "$(TARGET_NAME)";
				SWIFT_EMIT_LOC_STRINGS = YES;
				SWIFT_VERSION = 5.0;
				TARGETED_DEVICE_FAMILY = "1,2";
			};
			name = Release;
		};
/* End XCBuildConfiguration section */

/* Begin XCConfigurationList section */
		C323F3AD29A9AD900077B2A0 /* Build configuration list for PBXProject "SwiftUIKitDarkMode" */ = {
			isa = XCConfigurationList;
			buildConfigurations = (
				C323F3C429A9AD910077B2A0 /* Debug */,
				C323F3C529A9AD910077B2A0 /* Release */,
			);
			defaultConfigurationIsVisible = 0;
			defaultConfigurationName = Release;
		};
		C323F3C629A9AD910077B2A0 /* Build configuration list for PBXNativeTarget "SwiftUIKitDarkMode" */ = {
			isa = XCConfigurationList;
			buildConfigurations = (
				C323F3C729A9AD910077B2A0 /* Debug */,
				C323F3C829A9AD910077B2A0 /* Release */,
			);
			defaultConfigurationIsVisible = 0;
			defaultConfigurationName = Release;
		};
/* End XCConfigurationList section */
	};
	rootObject = C323F3AA29A9AD900077B2A0 /* Project object */;
}
